
Microsoft Visual Studio Solution File, Format Version 12.00
# Visual Studio Version 17
VisualStudioVersion = 17.13.35931.197 d17.13
MinimumVisualStudioVersion = 10.0.40219.1
Project("{FAE04EC0-301F-11D3-BF4B-00C04F79EFBC}") = "AmőbaProjekt", "AmőbaProjekt\AmőbaProjekt.csproj", "{941545EF-45F5-4A63-B1A3-21C65B507169}"
EndProject
Global
	GlobalSection(SolutionConfigurationPlatforms) = preSolution
		Debug|Any CPU = Debug|Any CPU
		Release|Any CPU = Release|Any CPU
	EndGlobalSection
	GlobalSection(ProjectConfigurationPlatforms) = postSolution
		{941545EF-45F5-4A63-B1A3-21C65B507169}.Debug|Any CPU.ActiveCfg = Debug|Any CPU
		{941545EF-45F5-4A63-B1A3-21C65B507169}.Debug|Any CPU.Build.0 = Debug|Any CPU
		{941545EF-45F5-4A63-B1A3-21C65B507169}.Release|Any CPU.ActiveCfg = Release|Any CPU
		{941545EF-45F5-4A63-B1A3-21C65B507169}.Release|Any CPU.Build.0 = Release|Any CPU
	EndGlobalSection
	GlobalSection(SolutionProperties) = preSolution
		HideSolutionNode = FALSE
	EndGlobalSection
	GlobalSection(ExtensibilityGlobals) = postSolution
		SolutionGuid = {D56852F7-8C95-45B3-9C63-7465B1B48278}
	EndGlobalSection
EndGlobal
